[[package]]
name = "pyyaml"
version = "6.0"
description = "YAML parser and emitter for Python"
category = "main"
optional = false
python-versions = ">=3.6"

[[package]]
name = "toml"
version = "0.10.0"
description = "Python Library for Tom's Obvious, Minimal Language"
category = "main"
optional = false
python-versions = "*"

[metadata]
lock-version = "1.1"
python-versions = "~3.10"
content-hash = "4ec6ee8cb8c48961b9bf2300b465564d8520ed16e60dd912746041e69d23761a"

[metadata.files]
pyyaml = []
toml = []
